
Microsoft Visual Studio Solution File, Format Version 12.00
# Visual Studio 2013
VisualStudioVersion = 12.0.30110.0
MinimumVisualStudioVersion = 10.0.40219.1
Project("{FAE04EC0-301F-11D3-BF4B-00C04F79EFBC}") = "ImportContentFromRss", "ImportContentFromRss\ImportContentFromRss.csproj", "{886C45EA-B035-426C-9F81-082B40E1D2F6}"
EndProject
Project("{FAE04EC0-301F-11D3-BF4B-00C04F79EFBC}") = "CreateFeedsFromOpml", "CreateFeedsFromOpml\CreateFeedsFromOpml.csproj", "{624E377E-6204-435E-A0F2-EB3E6E001D31}"
EndProject
Project("{FAE04EC0-301F-11D3-BF4B-00C04F79EFBC}") = "Create-UpdatePagesForMissingContent", "Create-UpdatePagesForMissingContent\Create-UpdatePagesForMissingContent.csproj", "{9A3A9810-875D-48E3-B4AC-F3095F5C4327}"
EndProject
Project("{FAE04EC0-301F-11D3-BF4B-00C04F79EFBC}") = "RemoveASource", "RemoveASource\RemoveASource.csproj", "{5F000172-7C42-4485-8540-4A2E2EED1CAD}"
EndProject
Project("{FAE04EC0-301F-11D3-BF4B-00C04F79EFBC}") = "PublishItemsThatAreNotPublished", "PublishItemsThatAreNotPublished\PublishItemsThatAreNotPublished.csproj", "{BE81F657-6F14-4141-BE7D-8A161BBB4E3F}"
EndProject
Project("{FAE04EC0-301F-11D3-BF4B-00C04F79EFBC}") = "Merge Author Accounts", "Merge Author Accounts\Merge Author Accounts.csproj", "{3A747BEA-95DF-4359-A637-7BC97F49E037}"
EndProject
Global
	GlobalSection(SolutionConfigurationPlatforms) = preSolution
		Debug|Any CPU = Debug|Any CPU
		Release|Any CPU = Release|Any CPU
	EndGlobalSection
	GlobalSection(ProjectConfigurationPlatforms) = postSolution
		{886C45EA-B035-426C-9F81-082B40E1D2F6}.Debug|Any CPU.ActiveCfg = Debug|Any CPU
		{886C45EA-B035-426C-9F81-082B40E1D2F6}.Debug|Any CPU.Build.0 = Debug|Any CPU
		{886C45EA-B035-426C-9F81-082B40E1D2F6}.Release|Any CPU.ActiveCfg = Release|Any CPU
		{886C45EA-B035-426C-9F81-082B40E1D2F6}.Release|Any CPU.Build.0 = Release|Any CPU
		{624E377E-6204-435E-A0F2-EB3E6E001D31}.Debug|Any CPU.ActiveCfg = Debug|Any CPU
		{624E377E-6204-435E-A0F2-EB3E6E001D31}.Debug|Any CPU.Build.0 = Debug|Any CPU
		{624E377E-6204-435E-A0F2-EB3E6E001D31}.Release|Any CPU.ActiveCfg = Release|Any CPU
		{624E377E-6204-435E-A0F2-EB3E6E001D31}.Release|Any CPU.Build.0 = Release|Any CPU
		{9A3A9810-875D-48E3-B4AC-F3095F5C4327}.Debug|Any CPU.ActiveCfg = Debug|Any CPU
		{9A3A9810-875D-48E3-B4AC-F3095F5C4327}.Debug|Any CPU.Build.0 = Debug|Any CPU
		{9A3A9810-875D-48E3-B4AC-F3095F5C4327}.Release|Any CPU.ActiveCfg = Release|Any CPU
		{9A3A9810-875D-48E3-B4AC-F3095F5C4327}.Release|Any CPU.Build.0 = Release|Any CPU
		{5F000172-7C42-4485-8540-4A2E2EED1CAD}.Debug|Any CPU.ActiveCfg = Debug|Any CPU
		{5F000172-7C42-4485-8540-4A2E2EED1CAD}.Debug|Any CPU.Build.0 = Debug|Any CPU
		{5F000172-7C42-4485-8540-4A2E2EED1CAD}.Release|Any CPU.ActiveCfg = Release|Any CPU
		{5F000172-7C42-4485-8540-4A2E2EED1CAD}.Release|Any CPU.Build.0 = Release|Any CPU
		{BE81F657-6F14-4141-BE7D-8A161BBB4E3F}.Debug|Any CPU.ActiveCfg = Debug|Any CPU
		{BE81F657-6F14-4141-BE7D-8A161BBB4E3F}.Debug|Any CPU.Build.0 = Debug|Any CPU
		{BE81F657-6F14-4141-BE7D-8A161BBB4E3F}.Release|Any CPU.ActiveCfg = Release|Any CPU
		{BE81F657-6F14-4141-BE7D-8A161BBB4E3F}.Release|Any CPU.Build.0 = Release|Any CPU
		{3A747BEA-95DF-4359-A637-7BC97F49E037}.Debug|Any CPU.ActiveCfg = Debug|Any CPU
		{3A747BEA-95DF-4359-A637-7BC97F49E037}.Debug|Any CPU.Build.0 = Debug|Any CPU
		{3A747BEA-95DF-4359-A637-7BC97F49E037}.Release|Any CPU.ActiveCfg = Release|Any CPU
		{3A747BEA-95DF-4359-A637-7BC97F49E037}.Release|Any CPU.Build.0 = Release|Any CPU
	EndGlobalSection
	GlobalSection(SolutionProperties) = preSolution
		HideSolutionNode = FALSE
	EndGlobalSection
	GlobalSection(SubversionScc) = preSolution
		Svn-Managed = True
		Manager = AnkhSVN - Subversion Support for Visual Studio
	EndGlobalSection
EndGlobal
